
Microsoft Visual Studio Solution File, Format Version 12.00
# Visual Studio Version 17
VisualStudioVersion = 17.9.34607.119
MinimumVisualStudioVersion = 10.0.40219.1
Project("{FAE04EC0-301F-11D3-BF4B-00C04F79EFBC}") = "ScaffoldongFun", "ScaffoldongFun\ScaffoldongFun.csproj", "{616D2059-C82B-478E-80BA-2CD8AB0CA003}"
EndProject
Global
	GlobalSection(SolutionConfigurationPlatforms) = preSolution
		Debug|Any CPU = Debug|Any CPU
		Release|Any CPU = Release|Any CPU
	EndGlobalSection
	GlobalSection(ProjectConfigurationPlatforms) = postSolution
		{616D2059-C82B-478E-80BA-2CD8AB0CA003}.Debug|Any CPU.ActiveCfg = Debug|Any CPU
		{616D2059-C82B-478E-80BA-2CD8AB0CA003}.Debug|Any CPU.Build.0 = Debug|Any CPU
		{616D2059-C82B-478E-80BA-2CD8AB0CA003}.Release|Any CPU.ActiveCfg = Release|Any CPU
		{616D2059-C82B-478E-80BA-2CD8AB0CA003}.Release|Any CPU.Build.0 = Release|Any CPU
	EndGlobalSection
	GlobalSection(SolutionProperties) = preSolution
		HideSolutionNode = FALSE
	EndGlobalSection
	GlobalSection(ExtensibilityGlobals) = postSolution
		SolutionGuid = {029A7D0B-F362-45A6-85E2-5E699348D340}
	EndGlobalSection
EndGlobal
